
Microsoft Visual Studio Solution File, Format Version 12.00
# Visual Studio Version 17
VisualStudioVersion = 17.1.32421.90
MinimumVisualStudioVersion = 10.0.40219.1
Project("{FAE04EC0-301F-11D3-BF4B-00C04F79EFBC}") = "jAKOBmAIL", "jAKOBmAIL\jAKOBmAIL.csproj", "{BF3D33A5-86D8-456B-BC9C-26AD1B2DA61A}"
EndProject
Global
	GlobalSection(SolutionConfigurationPlatforms) = preSolution
		Debug|Any CPU = Debug|Any CPU
		Release|Any CPU = Release|Any CPU
	EndGlobalSection
	GlobalSection(ProjectConfigurationPlatforms) = postSolution
		{BF3D33A5-86D8-456B-BC9C-26AD1B2DA61A}.Debug|Any CPU.ActiveCfg = Debug|Any CPU
		{BF3D33A5-86D8-456B-BC9C-26AD1B2DA61A}.Debug|Any CPU.Build.0 = Debug|Any CPU
		{BF3D33A5-86D8-456B-BC9C-26AD1B2DA61A}.Release|Any CPU.ActiveCfg = Release|Any CPU
		{BF3D33A5-86D8-456B-BC9C-26AD1B2DA61A}.Release|Any CPU.Build.0 = Release|Any CPU
	EndGlobalSection
	GlobalSection(SolutionProperties) = preSolution
		HideSolutionNode = FALSE
	EndGlobalSection
	GlobalSection(ExtensibilityGlobals) = postSolution
		SolutionGuid = {C5B22466-0B65-4EE4-A540-92AC68D07340}
	EndGlobalSection
EndGlobal
